// !$*UTF8*$!
{
	archiveVersion = 1;
	classes = {
	};
	objectVersion = 50;
	objects = {

/* Begin PBXBuildFile section */
		981C6ADE22B4CE12008F63A9 /* AppDelegate.swift in Sources */ = {isa = PBXBuildFile; fileRef = 981C6ADD22B4CE12008F63A9 /* AppDelegate.swift */; };
		981C6AE022B4CE12008F63A9 /* ViewController.swift in Sources */ = {isa = PBXBuildFile; fileRef = 981C6ADF22B4CE12008F63A9 /* ViewController.swift */; };
		981C6AE322B4CE12008F63A9 /* Main.storyboard in Resources */ = {isa = PBXBuildFile; fileRef = 981C6AE122B4CE12008F63A9 /* Main.storyboard */; };
		981C6AE522B4CE13008F63A9 /* Assets.xcassets in Resources */ = {isa = PBXBuildFile; fileRef = 981C6AE422B4CE13008F63A9 /* Assets.xcassets */; };
		981C6AE822B4CE13008F63A9 /* LaunchScreen.storyboard in Resources */ = {isa = PBXBuildFile; fileRef = 981C6AE622B4CE13008F63A9 /* LaunchScreen.storyboard */; };
		981C6AF322B4CE14008F63A9 /* phone_testTests.swift in Sources */ = {isa = PBXBuildFile; fileRef = 981C6AF222B4CE14008F63A9 /* phone_testTests.swift */; };
		981C6AFE22B4CE14008F63A9 /* phone_testUITests.swift in Sources */ = {isa = PBXBuildFile; fileRef = 981C6AFD22B4CE14008F63A9 /* phone_testUITests.swift */; };
		981C6B0C22B4D8B8008F63A9 /* PhotosViewController.swift in Sources */ = {isa = PBXBuildFile; fileRef = 981C6B0B22B4D8B8008F63A9 /* PhotosViewController.swift */; };
		981C6B0E22B51461008F63A9 /* PhotoViewCell.swift in Sources */ = {isa = PBXBuildFile; fileRef = 981C6B0D22B51461008F63A9 /* PhotoViewCell.swift */; };
		981C6B1022B51FC7008F63A9 /* PromiseKit.framework in Frameworks */ = {isa = PBXBuildFile; fileRef = 981C6B0F22B51FC7008F63A9 /* PromiseKit.framework */; };
		981C6B1222B51FD2008F63A9 /* PMKFoundation.framework in Frameworks */ = {isa = PBXBuildFile; fileRef = 981C6B1122B51FD2008F63A9 /* PMKFoundation.framework */; };
		981C6B1322B5206F008F63A9 /* PromiseKit.framework in Frameworks */ = {isa = PBXBuildFile; fileRef = 981C6B0F22B51FC7008F63A9 /* PromiseKit.framework */; };
		981C6B1422B5206F008F63A9 /* PromiseKit.framework in Embed Frameworks */ = {isa = PBXBuildFile; fileRef = 981C6B0F22B51FC7008F63A9 /* PromiseKit.framework */; settings = {ATTRIBUTES = (CodeSignOnCopy, RemoveHeadersOnCopy, ); }; };
		981C6B1622B52072008F63A9 /* PMKFoundation.framework in Frameworks */ = {isa = PBXBuildFile; fileRef = 981C6B1122B51FD2008F63A9 /* PMKFoundation.framework */; };
		981C6B1722B52072008F63A9 /* PMKFoundation.framework in Embed Frameworks */ = {isa = PBXBuildFile; fileRef = 981C6B1122B51FD2008F63A9 /* PMKFoundation.framework */; settings = {ATTRIBUTES = (CodeSignOnCopy, RemoveHeadersOnCopy, ); }; };
		981C6B1922B578DA008F63A9 /* RandomUser.swift in Sources */ = {isa = PBXBuildFile; fileRef = 981C6B1822B578DA008F63A9 /* RandomUser.swift */; };
		981C6B1B22B57904008F63A9 /* Utils.swift in Sources */ = {isa = PBXBuildFile; fileRef = 981C6B1A22B57904008F63A9 /* Utils.swift */; };
		981C6B1D22B5A56E008F63A9 /* ImageListLoader.swift in Sources */ = {isa = PBXBuildFile; fileRef = 981C6B1C22B5A56E008F63A9 /* ImageListLoader.swift */; };
		981C6B2322B6E603008F63A9 /* Cache.framework in Frameworks */ = {isa = PBXBuildFile; fileRef = 981C6B2222B6E603008F63A9 /* Cache.framework */; };
		981C6B2422B6E60A008F63A9 /* Cache.framework in Frameworks */ = {isa = PBXBuildFile; fileRef = 981C6B2222B6E603008F63A9 /* Cache.framework */; };
		981C6B2522B6E60A008F63A9 /* Cache.framework in Embed Frameworks */ = {isa = PBXBuildFile; fileRef = 981C6B2222B6E603008F63A9 /* Cache.framework */; settings = {ATTRIBUTES = (CodeSignOnCopy, RemoveHeadersOnCopy, ); }; };
		981C6B2722B83A5A008F63A9 /* DownloadWithProgress.swift in Sources */ = {isa = PBXBuildFile; fileRef = 981C6B2622B83A5A008F63A9 /* DownloadWithProgress.swift */; };
		981C6B2B22B83BD7008F63A9 /* ImageUrlLoader.swift in Sources */ = {isa = PBXBuildFile; fileRef = 981C6B2A22B83BD7008F63A9 /* ImageUrlLoader.swift */; };
		981C6B2D22B83C08008F63A9 /* ImageCache.swift in Sources */ = {isa = PBXBuildFile; fileRef = 981C6B2C22B83C08008F63A9 /* ImageCache.swift */; };
		981C6B3022B83CF5008F63A9 /* RandomUserTypes.swift in Sources */ = {isa = PBXBuildFile; fileRef = 981C6B2F22B83CF5008F63A9 /* RandomUserTypes.swift */; };
/* End PBXBuildFile section */

/* Begin PBXContainerItemProxy section */
		981C6AEF22B4CE14008F63A9 /* PBXContainerItemProxy */ = {
			isa = PBXContainerItemProxy;
			containerPortal = 981C6AD222B4CE12008F63A9 /* Project object */;
			proxyType = 1;
			remoteGlobalIDString = 981C6AD922B4CE12008F63A9;
			remoteInfo = "phone-test";
		};
		981C6AFA22B4CE14008F63A9 /* PBXContainerItemProxy */ = {
			isa = PBXContainerItemProxy;
			containerPortal = 981C6AD222B4CE12008F63A9 /* Project object */;
			proxyType = 1;
			remoteGlobalIDString = 981C6AD922B4CE12008F63A9;
			remoteInfo = "phone-test";
		};
/* End PBXContainerItemProxy section */

/* Begin PBXCopyFilesBuildPhase section */
		981C6B1522B5206F008F63A9 /* Embed Frameworks */ = {
			isa = PBXCopyFilesBuildPhase;
			buildActionMask = 2147483647;
			dstPath = "";
			dstSubfolderSpec = 10;
			files = (
				981C6B1722B52072008F63A9 /* PMKFoundation.framework in Embed Frameworks */,
				981C6B1422B5206F008F63A9 /* PromiseKit.framework in Embed Frameworks */,
				981C6B2522B6E60A008F63A9 /* Cache.framework in Embed Frameworks */,
			);
			name = "Embed Frameworks";
			runOnlyForDeploymentPostprocessing = 0;
		};
/* End PBXCopyFilesBuildPhase section */

/* Begin PBXFileReference section */
		981C6ADA22B4CE12008F63A9 /* phone-test.app */ = {isa = PBXFileReference; explicitFileType = wrapper.application; includeInIndex = 0; path = "phone-test.app"; sourceTree = BUILT_PRODUCTS_DIR; };
		981C6ADD22B4CE12008F63A9 /* AppDelegate.swift */ = {isa = PBXFileReference; lastKnownFileType = sourcecode.swift; path = AppDelegate.swift; sourceTree = "<group>"; };
		981C6ADF22B4CE12008F63A9 /* ViewController.swift */ = {isa = PBXFileReference; lastKnownFileType = sourcecode.swift; path = ViewController.swift; sourceTree = "<group>"; };
		981C6AE222B4CE12008F63A9 /* Base */ = {isa = PBXFileReference; lastKnownFileType = file.storyboard; name = Base; path = Base.lproj/Main.storyboard; sourceTree = "<group>"; };
		981C6AE422B4CE13008F63A9 /* Assets.xcassets */ = {isa = PBXFileReference; lastKnownFileType = folder.assetcatalog; path = Assets.xcassets; sourceTree = "<group>"; };
		981C6AE722B4CE13008F63A9 /* Base */ = {isa = PBXFileReference; lastKnownFileType = file.storyboard; name = Base; path = Base.lproj/LaunchScreen.storyboard; sourceTree = "<group>"; };
		981C6AE922B4CE13008F63A9 /* Info.plist */ = {isa = PBXFileReference; lastKnownFileType = text.plist.xml; path = Info.plist; sourceTree = "<group>"; };
		981C6AEE22B4CE14008F63A9 /* phone-testTests.xctest */ = {isa = PBXFileReference; explicitFileType = wrapper.cfbundle; includeInIndex = 0; path = "phone-testTests.xctest"; sourceTree = BUILT_PRODUCTS_DIR; };
		981C6AF222B4CE14008F63A9 /* phone_testTests.swift */ = {isa = PBXFileReference; lastKnownFileType = sourcecode.swift; path = phone_testTests.swift; sourceTree = "<group>"; };
		981C6AF422B4CE14008F63A9 /* Info.plist */ = {isa = PBXFileReference; lastKnownFileType = text.plist.xml; path = Info.plist; sourceTree = "<group>"; };
		981C6AF922B4CE14008F63A9 /* phone-testUITests.xctest */ = {isa = PBXFileReference; explicitFileType = wrapper.cfbundle; includeInIndex = 0; path = "phone-testUITests.xctest"; sourceTree = BUILT_PRODUCTS_DIR; };
		981C6AFD22B4CE14008F63A9 /* phone_testUITests.swift */ = {isa = PBXFileReference; lastKnownFileType = sourcecode.swift; path = phone_testUITests.swift; sourceTree = "<group>"; };
		981C6AFF22B4CE14008F63A9 /* Info.plist */ = {isa = PBXFileReference; lastKnownFileType = text.plist.xml; path = Info.plist; sourceTree = "<group>"; };
		981C6B0B22B4D8B8008F63A9 /* PhotosViewController.swift */ = {isa = PBXFileReference; lastKnownFileType = sourcecode.swift; path = PhotosViewController.swift; sourceTree = "<group>"; };
		981C6B0D22B51461008F63A9 /* PhotoViewCell.swift */ = {isa = PBXFileReference; lastKnownFileType = sourcecode.swift; path = PhotoViewCell.swift; sourceTree = "<group>"; };
		981C6B0F22B51FC7008F63A9 /* PromiseKit.framework */ = {isa = PBXFileReference; lastKnownFileType = wrapper.framework; name = PromiseKit.framework; path = Carthage/Build/iOS/PromiseKit.framework; sourceTree = SOURCE_ROOT; };
		981C6B1122B51FD2008F63A9 /* PMKFoundation.framework */ = {isa = PBXFileReference; lastKnownFileType = wrapper.framework; name = PMKFoundation.framework; path = Carthage/Build/iOS/PMKFoundation.framework; sourceTree = SOURCE_ROOT; };
		981C6B1822B578DA008F63A9 /* RandomUser.swift */ = {isa = PBXFileReference; lastKnownFileType = sourcecode.swift; path = RandomUser.swift; sourceTree = "<group>"; };
		981C6B1A22B57904008F63A9 /* Utils.swift */ = {isa = PBXFileReference; lastKnownFileType = sourcecode.swift; path = Utils.swift; sourceTree = "<group>"; };
		981C6B1C22B5A56E008F63A9 /* ImageListLoader.swift */ = {isa = PBXFileReference; lastKnownFileType = sourcecode.swift; path = ImageListLoader.swift; sourceTree = "<group>"; };
		981C6B2222B6E603008F63A9 /* Cache.framework */ = {isa = PBXFileReference; lastKnownFileType = wrapper.framework; name = Cache.framework; path = Carthage/Build/iOS/Cache.framework; sourceTree = SOURCE_ROOT; };
		981C6B2622B83A5A008F63A9 /* DownloadWithProgress.swift */ = {isa = PBXFileReference; lastKnownFileType = sourcecode.swift; path = DownloadWithProgress.swift; sourceTree = "<group>"; };
		981C6B2A22B83BD7008F63A9 /* ImageUrlLoader.swift */ = {isa = PBXFileReference; lastKnownFileType = sourcecode.swift; path = ImageUrlLoader.swift; sourceTree = "<group>"; };
		981C6B2C22B83C08008F63A9 /* ImageCache.swift */ = {isa = PBXFileReference; lastKnownFileType = sourcecode.swift; path = ImageCache.swift; sourceTree = "<group>"; };
		981C6B2F22B83CF5008F63A9 /* RandomUserTypes.swift */ = {isa = PBXFileReference; lastKnownFileType = sourcecode.swift; path = RandomUserTypes.swift; sourceTree = "<group>"; };
/* End PBXFileReference section */

/* Begin PBXFrameworksBuildPhase section */
		981C6AD722B4CE12008F63A9 /* Frameworks */ = {
			isa = PBXFrameworksBuildPhase;
			buildActionMask = 2147483647;
			files = (
				981C6B2322B6E603008F63A9 /* Cache.framework in Frameworks */,
				981C6B1322B5206F008F63A9 /* PromiseKit.framework in Frameworks */,
				981C6B1222B51FD2008F63A9 /* PMKFoundation.framework in Frameworks */,
				981C6B1622B52072008F63A9 /* PMKFoundation.framework in Frameworks */,
				981C6B1022B51FC7008F63A9 /* PromiseKit.framework in Frameworks */,
				981C6B2422B6E60A008F63A9 /* Cache.framework in Frameworks */,
			);
			runOnlyForDeploymentPostprocessing = 0;
		};
		981C6AEB22B4CE14008F63A9 /* Frameworks */ = {
			isa = PBXFrameworksBuildPhase;
			buildActionMask = 2147483647;
			files = (
			);
			runOnlyForDeploymentPostprocessing = 0;
		};
		981C6AF622B4CE14008F63A9 /* Frameworks */ = {
			isa = PBXFrameworksBuildPhase;
			buildActionMask = 2147483647;
			files = (
			);
			runOnlyForDeploymentPostprocessing = 0;
		};
/* End PBXFrameworksBuildPhase section */

/* Begin PBXGroup section */
		981C6AD122B4CE12008F63A9 = {
			isa = PBXGroup;
			children = (
				981C6ADC22B4CE12008F63A9 /* phone-test */,
				981C6AF122B4CE14008F63A9 /* phone-testTests */,
				981C6AFC22B4CE14008F63A9 /* phone-testUITests */,
				981C6ADB22B4CE12008F63A9 /* Products */,
			);
			sourceTree = "<group>";
		};
		981C6ADB22B4CE12008F63A9 /* Products */ = {
			isa = PBXGroup;
			children = (
				981C6ADA22B4CE12008F63A9 /* phone-test.app */,
				981C6AEE22B4CE14008F63A9 /* phone-testTests.xctest */,
				981C6AF922B4CE14008F63A9 /* phone-testUITests.xctest */,
			);
			name = Products;
			sourceTree = "<group>";
		};
		981C6ADC22B4CE12008F63A9 /* phone-test */ = {
			isa = PBXGroup;
			children = (
				981C6B2E22B83CDF008F63A9 /* RandomUser */,
				981C6B2922B83B9E008F63A9 /* ImageLoading */,
				981C6B2822B83ABE008F63A9 /* Utils */,
				981C6B2222B6E603008F63A9 /* Cache.framework */,
				981C6B0F22B51FC7008F63A9 /* PromiseKit.framework */,
				981C6B1122B51FD2008F63A9 /* PMKFoundation.framework */,
				981C6ADD22B4CE12008F63A9 /* AppDelegate.swift */,
				981C6ADF22B4CE12008F63A9 /* ViewController.swift */,
				981C6AE122B4CE12008F63A9 /* Main.storyboard */,
				981C6B0B22B4D8B8008F63A9 /* PhotosViewController.swift */,
				981C6B0D22B51461008F63A9 /* PhotoViewCell.swift */,
				981C6AE422B4CE13008F63A9 /* Assets.xcassets */,
				981C6AE622B4CE13008F63A9 /* LaunchScreen.storyboard */,
				981C6AE922B4CE13008F63A9 /* Info.plist */,
			);
			path = "phone-test";
			sourceTree = "<group>";
		};
		981C6AF122B4CE14008F63A9 /* phone-testTests */ = {
			isa = PBXGroup;
			children = (
				981C6AF222B4CE14008F63A9 /* phone_testTests.swift */,
				981C6AF422B4CE14008F63A9 /* Info.plist */,
			);
			path = "phone-testTests";
			sourceTree = "<group>";
		};
		981C6AFC22B4CE14008F63A9 /* phone-testUITests */ = {
			isa = PBXGroup;
			children = (
				981C6AFD22B4CE14008F63A9 /* phone_testUITests.swift */,
				981C6AFF22B4CE14008F63A9 /* Info.plist */,
			);
			path = "phone-testUITests";
			sourceTree = "<group>";
		};
		981C6B2822B83ABE008F63A9 /* Utils */ = {
			isa = PBXGroup;
			children = (
				981C6B1A22B57904008F63A9 /* Utils.swift */,
				981C6B2622B83A5A008F63A9 /* DownloadWithProgress.swift */,
			);
			path = Utils;
			sourceTree = "<group>";
		};
		981C6B2922B83B9E008F63A9 /* ImageLoading */ = {
			isa = PBXGroup;
			children = (
				981C6B2A22B83BD7008F63A9 /* ImageUrlLoader.swift */,
				981C6B2C22B83C08008F63A9 /* ImageCache.swift */,
				981C6B1C22B5A56E008F63A9 /* ImageListLoader.swift */,
			);
			path = ImageLoading;
			sourceTree = "<group>";
		};
		981C6B2E22B83CDF008F63A9 /* RandomUser */ = {
			isa = PBXGroup;
			children = (
				981C6B1822B578DA008F63A9 /* RandomUser.swift */,
				981C6B2F22B83CF5008F63A9 /* RandomUserTypes.swift */,
			);
			path = RandomUser;
			sourceTree = "<group>";
		};
/* End PBXGroup section */

/* Begin PBXNativeTarget section */
		981C6AD922B4CE12008F63A9 /* phone-test */ = {
			isa = PBXNativeTarget;
			buildConfigurationList = 981C6B0222B4CE14008F63A9 /* Build configuration list for PBXNativeTarget "phone-test" */;
			buildPhases = (
				981C6AD622B4CE12008F63A9 /* Sources */,
				981C6AD722B4CE12008F63A9 /* Frameworks */,
				981C6AD822B4CE12008F63A9 /* Resources */,
				981C6B1522B5206F008F63A9 /* Embed Frameworks */,
			);
			buildRules = (
			);
			dependencies = (
			);
			name = "phone-test";
			productName = "phone-test";
			productReference = 981C6ADA22B4CE12008F63A9 /* phone-test.app */;
			productType = "com.apple.product-type.application";
		};
		981C6AED22B4CE14008F63A9 /* phone-testTests */ = {
			isa = PBXNativeTarget;
			buildConfigurationList = 981C6B0522B4CE14008F63A9 /* Build configuration list for PBXNativeTarget "phone-testTests" */;
			buildPhases = (
				981C6AEA22B4CE14008F63A9 /* Sources */,
				981C6AEB22B4CE14008F63A9 /* Frameworks */,
				981C6AEC22B4CE14008F63A9 /* Resources */,
			);
			buildRules = (
			);
			dependencies = (
				981C6AF022B4CE14008F63A9 /* PBXTargetDependency */,
			);
			name = "phone-testTests";
			productName = "phone-testTests";
			productReference = 981C6AEE22B4CE14008F63A9 /* phone-testTests.xctest */;
			productType = "com.apple.product-type.bundle.unit-test";
		};
		981C6AF822B4CE14008F63A9 /* phone-testUITests */ = {
			isa = PBXNativeTarget;
			buildConfigurationList = 981C6B0822B4CE14008F63A9 /* Build configuration list for PBXNativeTarget "phone-testUITests" */;
			buildPhases = (
				981C6AF522B4CE14008F63A9 /* Sources */,
				981C6AF622B4CE14008F63A9 /* Frameworks */,
				981C6AF722B4CE14008F63A9 /* Resources */,
			);
			buildRules = (
			);
			dependencies = (
				981C6AFB22B4CE14008F63A9 /* PBXTargetDependency */,
			);
			name = "phone-testUITests";
			productName = "phone-testUITests";
			productReference = 981C6AF922B4CE14008F63A9 /* phone-testUITests.xctest */;
			productType = "com.apple.product-type.bundle.ui-testing";
		};
/* End PBXNativeTarget section */

/* Begin PBXProject section */
		981C6AD222B4CE12008F63A9 /* Project object */ = {
			isa = PBXProject;
			attributes = {
				LastSwiftUpdateCheck = 1020;
				LastUpgradeCheck = 1020;
				ORGANIZATIONNAME = "Julien Roncaglia";
				TargetAttributes = {
					981C6AD922B4CE12008F63A9 = {
						CreatedOnToolsVersion = 10.2.1;
					};
					981C6AED22B4CE14008F63A9 = {
						CreatedOnToolsVersion = 10.2.1;
						TestTargetID = 981C6AD922B4CE12008F63A9;
					};
					981C6AF822B4CE14008F63A9 = {
						CreatedOnToolsVersion = 10.2.1;
						TestTargetID = 981C6AD922B4CE12008F63A9;
					};
				};
			};
			buildConfigurationList = 981C6AD522B4CE12008F63A9 /* Build configuration list for PBXProject "phone-test" */;
			compatibilityVersion = "Xcode 9.3";
			developmentRegion = en;
			hasScannedForEncodings = 0;
			knownRegions = (
				en,
				Base,
			);
			mainGroup = 981C6AD122B4CE12008F63A9;
			productRefGroup = 981C6ADB22B4CE12008F63A9 /* Products */;
			projectDirPath = "";
			projectRoot = "";
			targets = (
				981C6AD922B4CE12008F63A9 /* phone-test */,
				981C6AED22B4CE14008F63A9 /* phone-testTests */,
				981C6AF822B4CE14008F63A9 /* phone-testUITests */,
			);
		};
/* End PBXProject section */

/* Begin PBXResourcesBuildPhase section */
		981C6AD822B4CE12008F63A9 /* Resources */ = {
			isa = PBXResourcesBuildPhase;
			buildActionMask = 2147483647;
			files = (
				981C6AE822B4CE13008F63A9 /* LaunchScreen.storyboard in Resources */,
				981C6AE522B4CE13008F63A9 /* Assets.xcassets in Resources */,
				981C6AE322B4CE12008F63A9 /* Main.storyboard in Resources */,
			);
			runOnlyForDeploymentPostprocessing = 0;
		};
		981C6AEC22B4CE14008F63A9 /* Resources */ = {
			isa = PBXResourcesBuildPhase;
			buildActionMask = 2147483647;
			files = (
			);
			runOnlyForDeploymentPostprocessing = 0;
		};
		981C6AF722B4CE14008F63A9 /* Resources */ = {
			isa = PBXResourcesBuildPhase;
			buildActionMask = 2147483647;
			files = (
			);
			runOnlyForDeploymentPostprocessing = 0;
		};
/* End PBXResourcesBuildPhase section */

/* Begin PBXSourcesBuildPhase section */
		981C6AD622B4CE12008F63A9 /* Sources */ = {
			isa = PBXSourcesBuildPhase;
			buildActionMask = 2147483647;
			files = (
				981C6B2D22B83C08008F63A9 /* ImageCache.swift in Sources */,
				981C6B1D22B5A56E008F63A9 /* ImageListLoader.swift in Sources */,
				981C6B0C22B4D8B8008F63A9 /* PhotosViewController.swift in Sources */,
				981C6AE022B4CE12008F63A9 /* ViewController.swift in Sources */,
				981C6ADE22B4CE12008F63A9 /* AppDelegate.swift in Sources */,
				981C6B3022B83CF5008F63A9 /* RandomUserTypes.swift in Sources */,
				981C6B0E22B51461008F63A9 /* PhotoViewCell.swift in Sources */,
				981C6B1922B578DA008F63A9 /* RandomUser.swift in Sources */,
				981C6B2722B83A5A008F63A9 /* DownloadWithProgress.swift in Sources */,
				981C6B2B22B83BD7008F63A9 /* ImageUrlLoader.swift in Sources */,
				981C6B1B22B57904008F63A9 /* Utils.swift in Sources */,
			);
			runOnlyForDeploymentPostprocessing = 0;
		};
		981C6AEA22B4CE14008F63A9 /* Sources */ = {
			isa = PBXSourcesBuildPhase;
			buildActionMask = 2147483647;
			files = (
				981C6AF322B4CE14008F63A9 /* phone_testTests.swift in Sources */,
			);
			runOnlyForDeploymentPostprocessing = 0;
		};
		981C6AF522B4CE14008F63A9 /* Sources */ = {
			isa = PBXSourcesBuildPhase;
			buildActionMask = 2147483647;
			files = (
				981C6AFE22B4CE14008F63A9 /* phone_testUITests.swift in Sources */,
			);
			runOnlyForDeploymentPostprocessing = 0;
		};
/* End PBXSourcesBuildPhase section */

/* Begin PBXTargetDependency section */
		981C6AF022B4CE14008F63A9 /* PBXTargetDependency */ = {
			isa = PBXTargetDependency;
			target = 981C6AD922B4CE12008F63A9 /* phone-test */;
			targetProxy = 981C6AEF22B4CE14008F63A9 /* PBXContainerItemProxy */;
		};
		981C6AFB22B4CE14008F63A9 /* PBXTargetDependency */ = {
			isa = PBXTargetDependency;
			target = 981C6AD922B4CE12008F63A9 /* phone-test */;
			targetProxy = 981C6AFA22B4CE14008F63A9 /* PBXContainerItemProxy */;
		};
/* End PBXTargetDependency section */

/* Begin PBXVariantGroup section */
		981C6AE122B4CE12008F63A9 /* Main.storyboard */ = {
			isa = PBXVariantGroup;
			children = (
				981C6AE222B4CE12008F63A9 /* Base */,
			);
			name = Main.storyboard;
			sourceTree = "<group>";
		};
		981C6AE622B4CE13008F63A9 /* LaunchScreen.storyboard */ = {
			isa = PBXVariantGroup;
			children = (
				981C6AE722B4CE13008F63A9 /* Base */,
			);
			name = LaunchScreen.storyboard;
			sourceTree = "<group>";
		};
/* End PBXVariantGroup section */

/* Begin XCBuildConfiguration section */
		981C6B0022B4CE14008F63A9 /* Debug */ = {
			isa = XCBuildConfiguration;
			buildSettings = {
				ALWAYS_SEARCH_USER_PATHS = NO;
				CLANG_ANALYZER_NONNULL = YES;
				CLANG_ANALYZER_NUMBER_OBJECT_CONVERSION = YES_AGGRESSIVE;
				CLANG_CXX_LANGUAGE_STANDARD = "gnu++14";
				CLANG_CXX_LIBRARY = "libc++";
				CLANG_ENABLE_MODULES = YES;
				CLANG_ENABLE_OBJC_ARC = YES;
				CLANG_ENABLE_OBJC_WEAK = YES;
				CLANG_WARN_BLOCK_CAPTURE_AUTORELEASING = YES;
				CLANG_WARN_BOOL_CONVERSION = YES;
				CLANG_WARN_COMMA = YES;
				CLANG_WARN_CONSTANT_CONVERSION = YES;
				CLANG_WARN_DEPRECATED_OBJC_IMPLEMENTATIONS = YES;
				CLANG_WARN_DIRECT_OBJC_ISA_USAGE = YES_ERROR;
				CLANG_WARN_DOCUMENTATION_COMMENTS = YES;
				CLANG_WARN_EMPTY_BODY = YES;
				CLANG_WARN_ENUM_CONVERSION = YES;
				CLANG_WARN_INFINITE_RECURSION = YES;
				CLANG_WARN_INT_CONVERSION = YES;
				CLANG_WARN_NON_LITERAL_NULL_CONVERSION = YES;
				CLANG_WARN_OBJC_IMPLICIT_RETAIN_SELF = YES;
				CLANG_WARN_OBJC_LITERAL_CONVERSION = YES;
				CLANG_WARN_OBJC_ROOT_CLASS = YES_ERROR;
				CLANG_WARN_RANGE_LOOP_ANALYSIS = YES;
				CLANG_WARN_STRICT_PROTOTYPES = YES;
				CLANG_WARN_SUSPICIOUS_MOVE = YES;
				CLANG_WARN_UNGUARDED_AVAILABILITY = YES_AGGRESSIVE;
				CLANG_WARN_UNREACHABLE_CODE = YES;
				CLANG_WARN__DUPLICATE_METHOD_MATCH = YES;
				CODE_SIGN_IDENTITY = "iPhone Developer";
				COPY_PHASE_STRIP = NO;
				DEBUG_INFORMATION_FORMAT = dwarf;
				ENABLE_STRICT_OBJC_MSGSEND = YES;
				ENABLE_TESTABILITY = YES;
				GCC_C_LANGUAGE_STANDARD = gnu11;
				GCC_DYNAMIC_NO_PIC = NO;
				GCC_NO_COMMON_BLOCKS = YES;
				GCC_OPTIMIZATION_LEVEL = 0;
				GCC_PREPROCESSOR_DEFINITIONS = (
					"DEBUG=1",
					"$(inherited)",
				);
				GCC_WARN_64_TO_32_BIT_CONVERSION = YES;
				GCC_WARN_ABOUT_RETURN_TYPE = YES_ERROR;
				GCC_WARN_UNDECLARED_SELECTOR = YES;
				GCC_WARN_UNINITIALIZED_AUTOS = YES_AGGRESSIVE;
				GCC_WARN_UNUSED_FUNCTION = YES;
				GCC_WARN_UNUSED_VARIABLE = YES;
				IPHONEOS_DEPLOYMENT_TARGET = 12.2;
				MTL_ENABLE_DEBUG_INFO = INCLUDE_SOURCE;
				MTL_FAST_MATH = YES;
				ONLY_ACTIVE_ARCH = YES;
				SDKROOT = iphoneos;
				SWIFT_ACTIVE_COMPILATION_CONDITIONS = DEBUG;
				SWIFT_OPTIMIZATION_LEVEL = "-Onone";
			};
			name = Debug;
		};
		981C6B0122B4CE14008F63A9 /* Release */ = {
			isa = XCBuildConfiguration;
			buildSettings = {
				ALWAYS_SEARCH_USER_PATHS = NO;
				CLANG_ANALYZER_NONNULL = YES;
				CLANG_ANALYZER_NUMBER_OBJECT_CONVERSION = YES_AGGRESSIVE;
				CLANG_CXX_LANGUAGE_STANDARD = "gnu++14";
				CLANG_CXX_LIBRARY = "libc++";
				CLANG_ENABLE_MODULES = YES;
				CLANG_ENABLE_OBJC_ARC = YES;
				CLANG_ENABLE_OBJC_WEAK = YES;
				CLANG_WARN_BLOCK_CAPTURE_AUTORELEASING = YES;
				CLANG_WARN_BOOL_CONVERSION = YES;
				CLANG_WARN_COMMA = YES;
				CLANG_WARN_CONSTANT_CONVERSION = YES;
				CLANG_WARN_DEPRECATED_OBJC_IMPLEMENTATIONS = YES;
				CLANG_WARN_DIRECT_OBJC_ISA_USAGE = YES_ERROR;
				CLANG_WARN_DOCUMENTATION_COMMENTS = YES;
				CLANG_WARN_EMPTY_BODY = YES;
				CLANG_WARN_ENUM_CONVERSION = YES;
				CLANG_WARN_INFINITE_RECURSION = YES;
				CLANG_WARN_INT_CONVERSION = YES;
				CLANG_WARN_NON_LITERAL_NULL_CONVERSION = YES;
				CLANG_WARN_OBJC_IMPLICIT_RETAIN_SELF = YES;
				CLANG_WARN_OBJC_LITERAL_CONVERSION = YES;
				CLANG_WARN_OBJC_ROOT_CLASS = YES_ERROR;
				CLANG_WARN_RANGE_LOOP_ANALYSIS = YES;
				CLANG_WARN_STRICT_PROTOTYPES = YES;
				CLANG_WARN_SUSPICIOUS_MOVE = YES;
				CLANG_WARN_UNGUARDED_AVAILABILITY = YES_AGGRESSIVE;
				CLANG_WARN_UNREACHABLE_CODE = YES;
				CLANG_WARN__DUPLICATE_METHOD_MATCH = YES;
				CODE_SIGN_IDENTITY = "iPhone Developer";
				COPY_PHASE_STRIP = NO;
				DEBUG_INFORMATION_FORMAT = "dwarf-with-dsym";
				ENABLE_NS_ASSERTIONS = NO;
				ENABLE_STRICT_OBJC_MSGSEND = YES;
				GCC_C_LANGUAGE_STANDARD = gnu11;
				GCC_NO_COMMON_BLOCKS = YES;
				GCC_WARN_64_TO_32_BIT_CONVERSION = YES;
				GCC_WARN_ABOUT_RETURN_TYPE = YES_ERROR;
				GCC_WARN_UNDECLARED_SELECTOR = YES;
				GCC_WARN_UNINITIALIZED_AUTOS = YES_AGGRESSIVE;
				GCC_WARN_UNUSED_FUNCTION = YES;
				GCC_WARN_UNUSED_VARIABLE = YES;
				IPHONEOS_DEPLOYMENT_TARGET = 12.2;
				MTL_ENABLE_DEBUG_INFO = NO;
				MTL_FAST_MATH = YES;
				SDKROOT = iphoneos;
				SWIFT_COMPILATION_MODE = wholemodule;
				SWIFT_OPTIMIZATION_LEVEL = "-O";
				VALIDATE_PRODUCT = YES;
			};
			name = Release;
		};
		981C6B0322B4CE14008F63A9 /* Debug */ = {
			isa = XCBuildConfiguration;
			buildSettings = {
				ASSETCATALOG_COMPILER_APPICON_NAME = AppIcon;
				CODE_SIGN_STYLE = Automatic;
				DEVELOPMENT_TEAM = 38GHBCDG9C;
				FRAMEWORK_SEARCH_PATHS = (
					"$(inherited)",
					"$(PROJECT_DIR)/Carthage/Build/iOS",
					"$(PROJECT_DIR)/Carthage/Build/Mac",
				);
				INFOPLIST_FILE = "phone-test/Info.plist";
				LD_RUNPATH_SEARCH_PATHS = (
					"$(inherited)",
					"@executable_path/Frameworks",
				);
				PRODUCT_BUNDLE_IDENTIFIER = "net.vbfox.phone-test";
				PRODUCT_NAME = "$(TARGET_NAME)";
				SWIFT_VERSION = 5.0;
				TARGETED_DEVICE_FAMILY = "1,2";
			};
			name = Debug;
		};
		981C6B0422B4CE14008F63A9 /* Release */ = {
			isa = XCBuildConfiguration;
			buildSettings = {
				ASSETCATALOG_COMPILER_APPICON_NAME = AppIcon;
				CODE_SIGN_STYLE = Automatic;
				DEVELOPMENT_TEAM = 38GHBCDG9C;
				FRAMEWORK_SEARCH_PATHS = (
					"$(inherited)",
					"$(PROJECT_DIR)/Carthage/Build/iOS",
					"$(PROJECT_DIR)/Carthage/Build/Mac",
				);
				INFOPLIST_FILE = "phone-test/Info.plist";
				LD_RUNPATH_SEARCH_PATHS = (
					"$(inherited)",
					"@executable_path/Frameworks",
				);
				PRODUCT_BUNDLE_IDENTIFIER = "net.vbfox.phone-test";
				PRODUCT_NAME = "$(TARGET_NAME)";
				SWIFT_VERSION = 5.0;
				TARGETED_DEVICE_FAMILY = "1,2";
			};
			name = Release;
		};
		981C6B0622B4CE14008F63A9 /* Debug */ = {
			isa = XCBuildConfiguration;
			buildSettings = {
				ALWAYS_EMBED_SWIFT_STANDARD_LIBRARIES = YES;
				BUNDLE_LOADER = "$(TEST_HOST)";
				CODE_SIGN_STYLE = Automatic;
				INFOPLIST_FILE = "phone-testTests/Info.plist";
				LD_RUNPATH_SEARCH_PATHS = (
					"$(inherited)",
					"@executable_path/Frameworks",
					"@loader_path/Frameworks",
				);
				PRODUCT_BUNDLE_IDENTIFIER = "net.vbfox.phone-testTests";
				PRODUCT_NAME = "$(TARGET_NAME)";
				SWIFT_VERSION = 5.0;
				TARGETED_DEVICE_FAMILY = "1,2";
				TEST_HOST = "$(BUILT_PRODUCTS_DIR)/phone-test.app/phone-test";
			};
			name = Debug;
		};
		981C6B0722B4CE14008F63A9 /* Release */ = {
			isa = XCBuildConfiguration;
			buildSettings = {
				ALWAYS_EMBED_SWIFT_STANDARD_LIBRARIES = YES;
				BUNDLE_LOADER = "$(TEST_HOST)";
				CODE_SIGN_STYLE = Automatic;
				INFOPLIST_FILE = "phone-testTests/Info.plist";
				LD_RUNPATH_SEARCH_PATHS = (
					"$(inherited)",
					"@executable_path/Frameworks",
					"@loader_path/Frameworks",
				);
				PRODUCT_BUNDLE_IDENTIFIER = "net.vbfox.phone-testTests";
				PRODUCT_NAME = "$(TARGET_NAME)";
				SWIFT_VERSION = 5.0;
				TARGETED_DEVICE_FAMILY = "1,2";
				TEST_HOST = "$(BUILT_PRODUCTS_DIR)/phone-test.app/phone-test";
			};
			name = Release;
		};
		981C6B0922B4CE14008F63A9 /* Debug */ = {
			isa = XCBuildConfiguration;
			buildSettings = {
				ALWAYS_EMBED_SWIFT_STANDARD_LIBRARIES = YES;
				CODE_SIGN_STYLE = Automatic;
				INFOPLIST_FILE = "phone-testUITests/Info.plist";
				LD_RUNPATH_SEARCH_PATHS = (
					"$(inherited)",
					"@executable_path/Frameworks",
					"@loader_path/Frameworks",
				);
				PRODUCT_BUNDLE_IDENTIFIER = "net.vbfox.phone-testUITests";
				PRODUCT_NAME = "$(TARGET_NAME)";
				SWIFT_VERSION = 5.0;
				TARGETED_DEVICE_FAMILY = "1,2";
				TEST_TARGET_NAME = "phone-test";
			};
			name = Debug;
		};
		981C6B0A22B4CE14008F63A9 /* Release */ = {
			isa = XCBuildConfiguration;
			buildSettings = {
				ALWAYS_EMBED_SWIFT_STANDARD_LIBRARIES = YES;
				CODE_SIGN_STYLE = Automatic;
				INFOPLIST_FILE = "phone-testUITests/Info.plist";
				LD_RUNPATH_SEARCH_PATHS = (
					"$(inherited)",
					"@executable_path/Frameworks",
					"@loader_path/Frameworks",
				);
				PRODUCT_BUNDLE_IDENTIFIER = "net.vbfox.phone-testUITests";
				PRODUCT_NAME = "$(TARGET_NAME)";
				SWIFT_VERSION = 5.0;
				TARGETED_DEVICE_FAMILY = "1,2";
				TEST_TARGET_NAME = "phone-test";
			};
			name = Release;
		};
/* End XCBuildConfiguration section */

/* Begin XCConfigurationList section */
		981C6AD522B4CE12008F63A9 /* Build configuration list for PBXProject "phone-test" */ = {
			isa = XCConfigurationList;
			buildConfigurations = (
				981C6B0022B4CE14008F63A9 /* Debug */,
				981C6B0122B4CE14008F63A9 /* Release */,
			);
			defaultConfigurationIsVisible = 0;
			defaultConfigurationName = Release;
		};
		981C6B0222B4CE14008F63A9 /* Build configuration list for PBXNativeTarget "phone-test" */ = {
			isa = XCConfigurationList;
			buildConfigurations = (
				981C6B0322B4CE14008F63A9 /* Debug */,
				981C6B0422B4CE14008F63A9 /* Release */,
			);
			defaultConfigurationIsVisible = 0;
			defaultConfigurationName = Release;
		};
		981C6B0522B4CE14008F63A9 /* Build configuration list for PBXNativeTarget "phone-testTests" */ = {
			isa = XCConfigurationList;
			buildConfigurations = (
				981C6B0622B4CE14008F63A9 /* Debug */,
				981C6B0722B4CE14008F63A9 /* Release */,
			);
			defaultConfigurationIsVisible = 0;
			defaultConfigurationName = Release;
		};
		981C6B0822B4CE14008F63A9 /* Build configuration list for PBXNativeTarget "phone-testUITests" */ = {
			isa = XCConfigurationList;
			buildConfigurations = (
				981C6B0922B4CE14008F63A9 /* Debug */,
				981C6B0A22B4CE14008F63A9 /* Release */,
			);
			defaultConfigurationIsVisible = 0;
			defaultConfigurationName = Release;
		};
/* End XCConfigurationList section */
	};
	rootObject = 981C6AD222B4CE12008F63A9 /* Project object */;
}
